---
lockfileVersion: 1
lockfileVendor: redhat
arches:
- arch: x86_64
  packages:
  - url: https://cdn.redhat.com/content/dist/rhel9/9/x86_64/appstream/os/Packages/b/bcc-0.30.0-7.el9_5.x86_64.rpm
    repoid: rhel-9-for-x86_64-appstream-rpms
    size: 642490
    checksum: sha256:a50bdb90ce37973ee8b6f772e6887ea76427504a99f1017cb92c21fc14a04166
    name: bcc
    evr: 0.30.0-7.el9_5
    sourcerpm: bcc-0.30.0-7.el9_5.src.rpm
  - url: https://cdn.redhat.com/content/dist/rhel9/9/x86_64/appstream/os/Packages/b/bcc-tools-0.30.0-7.el9_5.x86_64.rpm
    repoid: rhel-9-for-x86_64-appstream-rpms
    size: 584025
    checksum: sha256:2e28afae60a909f3c3c0fd418e44b8649270489054c94569ef40c6e43311b916
    name: bcc-tools
    evr: 0.30.0-7.el9_5
    sourcerpm: bcc-0.30.0-7.el9_5.src.rpm
  - url: https://cdn.redhat.com/content/dist/rhel9/9/x86_64/appstream/os/Packages/b/bison-3.7.4-5.el9.x86_64.rpm
    repoid: rhel-9-for-x86_64-appstream-rpms
    size: 969742
    checksum: sha256:d17d987aa1892c0e7cc73dc8129c38bb0d1859b60c0129eaaa3e9324613a075b
    name: bison
    evr: 3.7.4-5.el9
    sourcerpm: bison-3.7.4-5.el9.src.rpm
  - url: https://cdn.redhat.com/content/dist/rhel9/9/x86_64/appstream/os/Packages/c/clang-libs-18.1.8-3.el9.x86_64.rpm
    repoid: rhel-9-for-x86_64-appstream-rpms
    size: 25146015
    checksum: sha256:cb792320144efd41a70fa0c0a061f9d86e146aac5bbccfdb8703466d6958deee
    name: clang-libs
    evr: 18.1.8-3.el9
    sourcerpm: clang-18.1.8-3.el9.src.rpm
  - url: https://cdn.redhat.com/content/dist/rhel9/9/x86_64/appstream/os/Packages/c/clang-resource-filesystem-18.1.8-3.el9.noarch.rpm
    repoid: rhel-9-for-x86_64-appstream-rpms
    size: 12197
    checksum: sha256:f26859c1f8397b23f457427b79f1c18c70a0d0426ebb85c3473f2e174cefe88e
    name: clang-resource-filesystem
    evr: 18.1.8-3.el9
    sourcerpm: clang-18.1.8-3.el9.src.rpm
  - url: https://cdn.redhat.com/content/dist/rhel9/9/x86_64/appstream/os/Packages/c/compiler-rt-18.1.8-1.el9.x86_64.rpm
    repoid: rhel-9-for-x86_64-appstream-rpms
    size: 2478654
    checksum: sha256:e5a1b9617fd01d3b88e028506fc721c1af812120c028b83c77514f48ae421cf5
    name: compiler-rt
    evr: 18.1.8-1.el9
    sourcerpm: compiler-rt-18.1.8-1.el9.src.rpm
  - url: https://cdn.redhat.com/content/dist/rhel9/9/x86_64/appstream/os/Packages/c/cpp-11.4.1-3.el9.x86_64.rpm
    repoid: rhel-9-for-x86_64-appstream-rpms
    size: 11153534
    checksum: sha256:45907c9130a09f20f2e7bdb09f7371a1b6221c161a492dfab0a744fbe5e66e7e
    name: cpp
    evr: 11.4.1-3.el9
    sourcerpm: gcc-11.4.1-3.el9.src.rpm
  - url: https://cdn.redhat.com/content/dist/rhel9/9/x86_64/appstream/os/Packages/e/elfutils-libelf-devel-0.190-2.el9.x86_64.rpm
    repoid: rhel-9-for-x86_64-appstream-rpms
    size: 24076
    checksum: sha256:1a9631fb699b29e639adebdcdac7e52914a34d6e1eaf1398bd7f456228010a87
    name: elfutils-libelf-devel
    evr: 0.190-2.el9
    sourcerpm: elfutils-0.190-2.el9.src.rpm
  - url: https://cdn.redhat.com/content/dist/rhel9/9/x86_64/appstream/os/Packages/f/flex-2.6.4-9.el9.x86_64.rpm
    repoid: rhel-9-for-x86_64-appstream-rpms
    size: 325312
    checksum: sha256:1e09103c66f7fbdda2d749a25e0ada6ea98e3b7fd9d08eb19d6a9271a3a4b379
    name: flex
    evr: 2.6.4-9.el9
    sourcerpm: flex-2.6.4-9.el9.src.rpm
  - url: https://cdn.redhat.com/content/dist/rhel9/9/x86_64/appstream/os/Packages/g/gcc-11.4.1-3.el9.x86_64.rpm
    repoid: rhel-9-for-x86_64-appstream-rpms
    size: 33805852
    checksum: sha256:18668f95c29b72e90ff42811a378c8c2ee8db71aff07de09a156aa7388720cb8
    name: gcc
    evr: 11.4.1-3.el9
    sourcerpm: gcc-11.4.1-3.el9.src.rpm
  - url: https://cdn.redhat.com/content/dist/rhel9/9/x86_64/appstream/os/Packages/g/gcc-toolset-13-binutils-2.40-21.el9.x86_64.rpm
    repoid: rhel-9-for-x86_64-appstream-rpms
    size: 6035750
    checksum: sha256:b808432cf1d7c564280fda2e1c8382d5901af838f8d6ab8d91e5d1a37c2f4a9c
    name: gcc-toolset-13-binutils
    evr: 2.40-21.el9
    sourcerpm: gcc-toolset-13-binutils-2.40-21.el9.src.rpm
  - url: https://cdn.redhat.com/content/dist/rhel9/9/x86_64/appstream/os/Packages/g/gcc-toolset-13-binutils-gold-2.40-21.el9.x86_64.rpm
    repoid: rhel-9-for-x86_64-appstream-rpms
    size: 850981
    checksum: sha256:c5fe9671a394bd445be2ae42837e228eedb1ee327365bf04a4d94404b24b7801
    name: gcc-toolset-13-binutils-gold
    evr: 2.40-21.el9
    sourcerpm: gcc-toolset-13-binutils-2.40-21.el9.src.rpm
  - url: https://cdn.redhat.com/content/dist/rhel9/9/x86_64/appstream/os/Packages/g/gcc-toolset-13-gcc-13.3.1-2.2.el9_5.x86_64.rpm
    repoid: rhel-9-for-x86_64-appstream-rpms
    size: 45344779
    checksum: sha256:6a726329c7d786a6eb9955512a5ad78fc9086a09c92991563d83123b60c282dd
    name: gcc-toolset-13-gcc
    evr: 13.3.1-2.2.el9_5
    sourcerpm: gcc-toolset-13-gcc-13.3.1-2.2.el9_5.src.rpm
  - url: https://cdn.redhat.com/content/dist/rhel9/9/x86_64/appstream/os/Packages/g/gcc-toolset-13-gcc-c++-13.3.1-2.2.el9_5.x86_64.rpm
    repoid: rhel-9-for-x86_64-appstream-rpms
    size: 14214789
    checksum: sha256:f660ccd8a005598017d572a625e76c5132062ee43365dfee7cf2ee632845df16
    name: gcc-toolset-13-gcc-c++
    evr: 13.3.1-2.2.el9_5
    sourcerpm: gcc-toolset-13-gcc-13.3.1-2.2.el9_5.src.rpm
  - url: https://cdn.redhat.com/content/dist/rhel9/9/x86_64/appstream/os/Packages/g/gcc-toolset-13-libstdc++-devel-13.3.1-2.2.el9_5.x86_64.rpm
    repoid: rhel-9-for-x86_64-appstream-rpms
    size: 3689972
    checksum: sha256:3eb1f9956ff301f76cd4851fa33c5e3adc3a46b32f1ff24780f7fd3399d5b1c3
    name: gcc-toolset-13-libstdc++-devel
    evr: 13.3.1-2.2.el9_5
    sourcerpm: gcc-toolset-13-gcc-13.3.1-2.2.el9_5.src.rpm
  - url: https://cdn.redhat.com/content/dist/rhel9/9/x86_64/appstream/os/Packages/g/gcc-toolset-13-runtime-13.0-2.el9.x86_64.rpm
    repoid: rhel-9-for-x86_64-appstream-rpms
    size: 63636
    checksum: sha256:0061a02187dbbdfd6da659c98749693bce4da02be8d4d9827a8d1fa867610e9d
    name: gcc-toolset-13-runtime
    evr: 13.0-2.el9
    sourcerpm: gcc-toolset-13-13.0-2.el9.src.rpm
  - url: https://cdn.redhat.com/content/dist/rhel9/9/x86_64/appstream/os/Packages/g/glibc-devel-2.34-100.el9_4.2.x86_64.rpm
    repoid: rhel-9-for-x86_64-appstream-rpms
    size: 43340
    checksum: sha256:74f12a58a8442a61b4a7f5d8a1fb80d2a5209401ad1f9d3d99dea4338f0cc7ab
    name: glibc-devel
    evr: 2.34-100.el9_4.2
    sourcerpm: glibc-2.34-100.el9_4.2.src.rpm
  - url: https://cdn.redhat.com/content/dist/rhel9/9/x86_64/appstream/os/Packages/g/glibc-headers-2.34-100.el9_4.2.x86_64.rpm
    repoid: rhel-9-for-x86_64-appstream-rpms
    size: 561056
    checksum: sha256:5f93f8acf51b2c7d2267b1ead813539892054f3a3eb5d5f7f75d1047d330026b
    name: glibc-headers
    evr: 2.34-100.el9_4.2
    sourcerpm: glibc-2.34-100.el9_4.2.src.rpm
  - url: https://cdn.redhat.com/content/dist/rhel9/9/x86_64/appstream/os/Packages/k/kernel-devel-5.14.0-503.33.1.el9_5.x86_64.rpm
    repoid: rhel-9-for-x86_64-appstream-rpms
    size: 23355437
    checksum: sha256:fc528487a26f83834688117a002099d4acf413e7f4eb6b86be76585ed3260ae1
    name: kernel-devel
    evr: 5.14.0-503.33.1.el9_5
    sourcerpm: kernel-5.14.0-503.33.1.el9_5.src.rpm
  - url: https://cdn.redhat.com/content/dist/rhel9/9/x86_64/appstream/os/Packages/k/kernel-headers-5.14.0-503.33.1.el9_5.x86_64.rpm
    repoid: rhel-9-for-x86_64-appstream-rpms
    size: 3939413
    checksum: sha256:a1f3794548d4ffbbfb167d816698715e7f364f7af88153cd6a30d43012a789c9
    name: kernel-headers
    evr: 5.14.0-503.33.1.el9_5
    sourcerpm: kernel-5.14.0-503.33.1.el9_5.src.rpm
  - url: https://cdn.redhat.com/content/dist/rhel9/9/x86_64/appstream/os/Packages/l/libmpc-1.2.1-4.el9.x86_64.rpm
    repoid: rhel-9-for-x86_64-appstream-rpms
    size: 66075
    checksum: sha256:b97b4e98c3c6f41dcfc2ceb4ffa1aba7a338b7cfd9e6c4f63e3160dd3cc033d3
    name: libmpc
    evr: 1.2.1-4.el9
    sourcerpm: libmpc-1.2.1-4.el9.src.rpm
  - url: https://cdn.redhat.com/content/dist/rhel9/9/x86_64/appstream/os/Packages/l/libomp-18.1.8-1.el9.x86_64.rpm
    repoid: rhel-9-for-x86_64-appstream-rpms
    size: 687666
    checksum: sha256:a2973cda446e20e6b9cefed695d0a3173a248d8294863a97119f9591bec5f67b
    name: libomp
    evr: 18.1.8-1.el9
    sourcerpm: libomp-18.1.8-1.el9.src.rpm
  - url: https://cdn.redhat.com/content/dist/rhel9/9/x86_64/appstream/os/Packages/l/libomp-devel-18.1.8-1.el9.x86_64.rpm
    repoid: rhel-9-for-x86_64-appstream-rpms
    size: 497254
    checksum: sha256:8a6566f0acab7da71459ddab00551120c6e755ceb8b841f8e30a5efb8282f07a
    name: libomp-devel
    evr: 18.1.8-1.el9
    sourcerpm: libomp-18.1.8-1.el9.src.rpm
  - url: https://cdn.redhat.com/content/dist/rhel9/9/x86_64/appstream/os/Packages/l/libxcrypt-devel-4.4.18-3.el9.x86_64.rpm
    repoid: rhel-9-for-x86_64-appstream-rpms
    size: 33101
    checksum: sha256:c1d171391a7d2e043a6953efd3df3e01edc9b4c6cdb54517e1608d204a5fce18
    name: libxcrypt-devel
    evr: 4.4.18-3.el9
    sourcerpm: libxcrypt-4.4.18-3.el9.src.rpm
  - url: https://cdn.redhat.com/content/dist/rhel9/9/x86_64/appstream/os/Packages/l/libzstd-devel-1.5.1-2.el9.x86_64.rpm
    repoid: rhel-9-for-x86_64-appstream-rpms
    size: 49707
    checksum: sha256:7641ebcd403595814212900b0d54ecfdbaffef27f4dc244b04616396023d557e
    name: libzstd-devel
    evr: 1.5.1-2.el9
    sourcerpm: zstd-1.5.1-2.el9.src.rpm
  - url: https://cdn.redhat.com/content/dist/rhel9/9/x86_64/appstream/os/Packages/l/llvm-libs-18.1.8-3.el9.x86_64.rpm
    repoid: rhel-9-for-x86_64-appstream-rpms
    size: 27114350
    checksum: sha256:9ea68fe509d5adf70fc797d689046fae6ddc073f91940a4198ff25aeb489ad04
    name: llvm-libs
    evr: 18.1.8-3.el9
    sourcerpm: llvm-18.1.8-3.el9.src.rpm
  - url: https://cdn.redhat.com/content/dist/rhel9/9/x86_64/appstream/os/Packages/m/m4-1.4.19-1.el9.x86_64.rpm
    repoid: rhel-9-for-x86_64-appstream-rpms
    size: 311655
    checksum: sha256:1e2e39a86cdd100379df1e555608c64f3de3439fef8a746208509375c787c27c
    name: m4
    evr: 1.4.19-1.el9
    sourcerpm: m4-1.4.19-1.el9.src.rpm
  - url: https://cdn.redhat.com/content/dist/rhel9/9/x86_64/appstream/os/Packages/o/openssl-devel-3.0.7-27.el9.x86_64.rpm
    repoid: rhel-9-for-x86_64-appstream-rpms
    size: 4327978
    checksum: sha256:7d68bcb5e776f84c57546b08825f360bd3cdac9778487b6f2f7dd10f38fa25da
    name: openssl-devel
    evr: 1:3.0.7-27.el9
    sourcerpm: openssl-3.0.7-27.el9.src.rpm
  - url: https://cdn.redhat.com/content/dist/rhel9/9/x86_64/appstream/os/Packages/p/perl-AutoLoader-5.74-481.el9.noarch.rpm
    repoid: rhel-9-for-x86_64-appstream-rpms
    size: 21821
    checksum: sha256:52cda881960f48be35a47ba1c54f242efac1ab0d1fd74b0e2bcb48a1723907c8
    name: perl-AutoLoader
    evr: 5.74-481.el9
    sourcerpm: perl-5.32.1-481.el9.src.rpm
  - url: https://cdn.redhat.com/content/dist/rhel9/9/x86_64/appstream/os/Packages/p/perl-B-1.80-481.el9.x86_64.rpm
    repoid: rhel-9-for-x86_64-appstream-rpms
    size: 188182
    checksum: sha256:1d9743f0a5ba875908984dbe875025aa51bc62fc9d1bec3fbef12f6688c1d771
    name: perl-B
    evr: 1.80-481.el9
    sourcerpm: perl-5.32.1-481.el9.src.rpm
  - url: https://cdn.redhat.com/content/dist/rhel9/9/x86_64/appstream/os/Packages/p/perl-Carp-1.50-460.el9.noarch.rpm
    repoid: rhel-9-for-x86_64-appstream-rpms
    size: 32039
    checksum: sha256:c51470a55b1dce42f944bdea06a10469f5a42d55be898a33c2fed3a99843fbb2
    name: perl-Carp
    evr: 1.50-460.el9
    sourcerpm: perl-Carp-1.50-460.el9.src.rpm
  - url: https://cdn.redhat.com/content/dist/rhel9/9/x86_64/appstream/os/Packages/p/perl-Class-Struct-0.66-481.el9.noarch.rpm
    repoid: rhel-9-for-x86_64-appstream-rpms
    size: 22914
    checksum: sha256:45347749c36c4750c9083d4784700fb85c3a4c277c3bf69873a1c6ae97ee6c4b
    name: perl-Class-Struct
    evr: 0.66-481.el9
    sourcerpm: perl-5.32.1-481.el9.src.rpm
  - url: https://cdn.redhat.com/content/dist/rhel9/9/x86_64/appstream/os/Packages/p/perl-Data-Dumper-2.174-462.el9.x86_64.rpm
    repoid: rhel-9-for-x86_64-appstream-rpms
    size: 59910
    checksum: sha256:6cd912e640cbc8785e33dae9cf07561509491a0ec76a81c01d6b7a77ad08668d
    name: perl-Data-Dumper
    evr: 2.174-462.el9
    sourcerpm: perl-Data-Dumper-2.174-462.el9.src.rpm
  - url: https://cdn.redhat.com/content/dist/rhel9/9/x86_64/appstream/os/Packages/p/perl-Digest-1.19-4.el9.noarch.rpm
    repoid: rhel-9-for-x86_64-appstream-rpms
    size: 29409
    checksum: sha256:e0b8633f818467f9e1bf46b9c0012af7bf8a309ac64e903a2a9faf3fae7705f9
    name: perl-Digest
    evr: 1.19-4.el9
    sourcerpm: perl-Digest-1.19-4.el9.src.rpm
  - url: https://cdn.redhat.com/content/dist/rhel9/9/x86_64/appstream/os/Packages/p/perl-Digest-MD5-2.58-4.el9.x86_64.rpm
    repoid: rhel-9-for-x86_64-appstream-rpms
    size: 40274
    checksum: sha256:2a6b21a144ae1d060e51ee2b6328c5dd1a646f429da160f386c2eb420b1220b4
    name: perl-Digest-MD5
    evr: 2.58-4.el9
    sourcerpm: perl-Digest-MD5-2.58-4.el9.src.rpm
  - url: https://cdn.redhat.com/content/dist/rhel9/9/x86_64/appstream/os/Packages/p/perl-Encode-3.08-462.el9.x86_64.rpm
    repoid: rhel-9-for-x86_64-appstream-rpms
    size: 1802386
    checksum: sha256:d05248697e48928be004ed4c683b04966aa452ae1e2bd81f650c6de108b46956
    name: perl-Encode
    evr: 4:3.08-462.el9
    sourcerpm: perl-Encode-3.08-462.el9.src.rpm
  - url: https://cdn.redhat.com/content/dist/rhel9/9/x86_64/appstream/os/Packages/p/perl-Errno-1.30-481.el9.x86_64.rpm
    repoid: rhel-9-for-x86_64-appstream-rpms
    size: 15331
    checksum: sha256:891006d2a5ec8528b1e7fe181a3e1617733b1050250b381f29261b70e83865ed
    name: perl-Errno
    evr: 1.30-481.el9
    sourcerpm: perl-5.32.1-481.el9.src.rpm
  - url: https://cdn.redhat.com/content/dist/rhel9/9/x86_64/appstream/os/Packages/p/perl-Exporter-5.74-461.el9.noarch.rpm
    repoid: rhel-9-for-x86_64-appstream-rpms
    size: 34509
    checksum: sha256:888e14ebd70c2b69150873236b0df7c3a29c9edd488fd8488527c179e798b409
    name: perl-Exporter
    evr: 5.74-461.el9
    sourcerpm: perl-Exporter-5.74-461.el9.src.rpm
  - url: https://cdn.redhat.com/content/dist/rhel9/9/x86_64/appstream/os/Packages/p/perl-Fcntl-1.13-481.el9.x86_64.rpm
    repoid: rhel-9-for-x86_64-appstream-rpms
    size: 22098
    checksum: sha256:726645728dabb2f1badb1c4a6170c5db29118a536cdfa482c882aaef6ed97fb4
    name: perl-Fcntl
    evr: 1.13-481.el9
    sourcerpm: perl-5.32.1-481.el9.src.rpm
  - url: https://cdn.redhat.com/content/dist/rhel9/9/x86_64/appstream/os/Packages/p/perl-File-Basename-2.85-481.el9.noarch.rpm
    repoid: rhel-9-for-x86_64-appstream-rpms
    size: 17916
    checksum: sha256:746f919f1aebc91a28f00e20eda7b41991db9e50abf2fa22cd7f8168a8f9898a
    name: perl-File-Basename
    evr: 2.85-481.el9
    sourcerpm: perl-5.32.1-481.el9.src.rpm
  - url: https://cdn.redhat.com/content/dist/rhel9/9/x86_64/appstream/os/Packages/p/perl-File-Path-2.18-4.el9.noarch.rpm
    repoid: rhel-9-for-x86_64-appstream-rpms
    size: 38466
    checksum: sha256:d1df5e509c10365eaa329a0b97e38bc2667874240d3942195eb6ce7a88985a41
    name: perl-File-Path
    evr: 2.18-4.el9
    sourcerpm: perl-File-Path-2.18-4.el9.src.rpm
  - url: https://cdn.redhat.com/content/dist/rhel9/9/x86_64/appstream/os/Packages/p/perl-File-Temp-0.231.100-4.el9.noarch.rpm
    repoid: rhel-9-for-x86_64-appstream-rpms
    size: 64150
    checksum: sha256:0a81b062391ac6dac3ec28ff1e435001dd798cf1ff19fdb52cfe1e0720d5de03
    name: perl-File-Temp
    evr: 1:0.231.100-4.el9
    sourcerpm: perl-File-Temp-0.231.100-4.el9.src.rpm
  - url: https://cdn.redhat.com/content/dist/rhel9/9/x86_64/appstream/os/Packages/p/perl-File-stat-1.09-481.el9.noarch.rpm
    repoid: rhel-9-for-x86_64-appstream-rpms
    size: 17853
    checksum: sha256:355aba30d043f829e4e7e70466564ba85f65f7a2416aba0ceddfc9e59288aab4
    name: perl-File-stat
    evr: 1.09-481.el9
    sourcerpm: perl-5.32.1-481.el9.src.rpm
  - url: https://cdn.redhat.com/content/dist/rhel9/9/x86_64/appstream/os/Packages/p/perl-FileHandle-2.03-481.el9.noarch.rpm
    repoid: rhel-9-for-x86_64-appstream-rpms
    size: 15921
    checksum: sha256:480ac4c1de2c1e1f94ed8895793b93d96bd50dc95e6e4fa9c39a82a24998f717
    name: perl-FileHandle
    evr: 2.03-481.el9
    sourcerpm: perl-5.32.1-481.el9.src.rpm
  - url: https://cdn.redhat.com/content/dist/rhel9/9/x86_64/appstream/os/Packages/p/perl-Getopt-Long-2.52-4.el9.noarch.rpm
    repoid: rhel-9-for-x86_64-appstream-rpms
    size: 65144
    checksum: sha256:055fe33d2a7a421c1de8902b86a2f246ef6457774239d04b604f2d0ec6a00a14
    name: perl-Getopt-Long
    evr: 1:2.52-4.el9
    sourcerpm: perl-Getopt-Long-2.52-4.el9.src.rpm
  - url: https://cdn.redhat.com/content/dist/rhel9/9/x86_64/appstream/os/Packages/p/perl-Getopt-Std-1.12-481.el9.noarch.rpm
    repoid: rhel-9-for-x86_64-appstream-rpms
    size: 16222
    checksum: sha256:c9c6209474ec44ca5b070ffb147589359c551757f95b358a8f35d2627c4950cf
    name: perl-Getopt-Std
    evr: 1.12-481.el9
    sourcerpm: perl-5.32.1-481.el9.src.rpm
  - url: https://cdn.redhat.com/content/dist/rhel9/9/x86_64/appstream/os/Packages/p/perl-HTTP-Tiny-0.076-462.el9.noarch.rpm
    repoid: rhel-9-for-x86_64-appstream-rpms
    size: 58720
    checksum: sha256:696f388a50f5be81596757d68251067449203e1c126ee8c23a7c5a0ad1ac5418
    name: perl-HTTP-Tiny
    evr: 0.076-462.el9
    sourcerpm: perl-HTTP-Tiny-0.076-462.el9.src.rpm
  - url: https://cdn.redhat.com/content/dist/rhel9/9/x86_64/appstream/os/Packages/p/perl-IO-1.43-481.el9.x86_64.rpm
    repoid: rhel-9-for-x86_64-appstream-rpms
    size: 94663
    checksum: sha256:dc85c28902667c1bd3c6f19b6a08bdda5e1d25b11e832b269e15fde94e6ab52d
    name: perl-IO
    evr: 1.43-481.el9
    sourcerpm: perl-5.32.1-481.el9.src.rpm
  - url: https://cdn.redhat.com/content/dist/rhel9/9/x86_64/appstream/os/Packages/p/perl-IO-Socket-IP-0.41-5.el9.noarch.rpm
    repoid: rhel-9-for-x86_64-appstream-rpms
    size: 46457
    checksum: sha256:4c80030ce256198584c4a58171b9dfe3adb4a8d7593110229e40ece76786a32f
    name: perl-IO-Socket-IP
    evr: 0.41-5.el9
    sourcerpm: perl-IO-Socket-IP-0.41-5.el9.src.rpm
  - url: https://cdn.redhat.com/content/dist/rhel9/9/x86_64/appstream/os/Packages/p/perl-IO-Socket-SSL-2.073-2.el9.noarch.rpm
    repoid: rhel-9-for-x86_64-appstream-rpms
    size: 226003
    checksum: sha256:b52d5b6a5081e3c142b2364b3f1ef58f569b39052df045f24363de9bb4f9cfd2
    name: perl-IO-Socket-SSL
    evr: 2.073-2.el9
    sourcerpm: perl-IO-Socket-SSL-2.073-2.el9.src.rpm
  - url: https://cdn.redhat.com/content/dist/rhel9/9/x86_64/appstream/os/Packages/p/perl-IPC-Open3-1.21-481.el9.noarch.rpm
    repoid: rhel-9-for-x86_64-appstream-rpms
    size: 24124
    checksum: sha256:422c83bcdd2f84d9751fe4ea289e6bc8bfbc41e6540d6482671317fbc2ff1a17
    name: perl-IPC-Open3
    evr: 1.21-481.el9
    sourcerpm: perl-5.32.1-481.el9.src.rpm
  - url: https://cdn.redhat.com/content/dist/rhel9/9/x86_64/appstream/os/Packages/p/perl-MIME-Base64-3.16-4.el9.x86_64.rpm
    repoid: rhel-9-for-x86_64-appstream-rpms
    size: 35058
    checksum: sha256:3ae8affe13cc15cfaee1c6dd078ada14891dde5dca263927a9b5ed87f241d2c0
    name: perl-MIME-Base64
    evr: 3.16-4.el9
    sourcerpm: perl-MIME-Base64-3.16-4.el9.src.rpm
  - url: https://cdn.redhat.com/content/dist/rhel9/9/x86_64/appstream/os/Packages/p/perl-Mozilla-CA-20200520-6.el9.noarch.rpm
    repoid: rhel-9-for-x86_64-appstream-rpms
    size: 14781
    checksum: sha256:99030bfb6a1a2ac41e0720841abaa8ba58c26e91640f4058cc6133e227e928a7
    name: perl-Mozilla-CA
    evr: 20200520-6.el9
    sourcerpm: perl-Mozilla-CA-20200520-6.el9.src.rpm
  - url: https://cdn.redhat.com/content/dist/rhel9/9/x86_64/appstream/os/Packages/p/perl-NDBM_File-1.15-481.el9.x86_64.rpm
    repoid: rhel-9-for-x86_64-appstream-rpms
    size: 23899
    checksum: sha256:fbd179e177943079b17db7c887b77dcca46b009ae41d85da5c16e1f33d20a1c9
    name: perl-NDBM_File
    evr: 1.15-481.el9
    sourcerpm: perl-5.32.1-481.el9.src.rpm
  - url: https://cdn.redhat.com/content/dist/rhel9/9/x86_64/appstream/os/Packages/p/perl-Net-SSLeay-1.92-2.el9.x86_64.rpm
    repoid: rhel-9-for-x86_64-appstream-rpms
    size: 401501
    checksum: sha256:eb0402981b2fce935550fef841f4c6eb24928456370e8b7b689ca073db3d2708
    name: perl-Net-SSLeay
    evr: 1.92-2.el9
    sourcerpm: perl-Net-SSLeay-1.92-2.el9.src.rpm
  - url: https://cdn.redhat.com/content/dist/rhel9/9/x86_64/appstream/os/Packages/p/perl-POSIX-1.94-481.el9.x86_64.rpm
    repoid: rhel-9-for-x86_64-appstream-rpms
    size: 100044
    checksum: sha256:70b078b5b692c8d8b26600ae4868b50d613289a89c50b702109bce542d2c8888
    name: perl-POSIX
    evr: 1.94-481.el9
    sourcerpm: perl-5.32.1-481.el9.src.rpm
  - url: https://cdn.redhat.com/content/dist/rhel9/9/x86_64/appstream/os/Packages/p/perl-PathTools-3.78-461.el9.x86_64.rpm
    repoid: rhel-9-for-x86_64-appstream-rpms
    size: 94564
    checksum: sha256:0647785b169c4bbdc65adf06d28981ce7fd1c9f93aecaa4e53a4515a21ebbf81
    name: perl-PathTools
    evr: 3.78-461.el9
    sourcerpm: perl-PathTools-3.78-461.el9.src.rpm
  - url: https://cdn.redhat.com/content/dist/rhel9/9/x86_64/appstream/os/Packages/p/perl-Pod-Escapes-1.07-460.el9.noarch.rpm
    repoid: rhel-9-for-x86_64-appstream-rpms
    size: 22564
    checksum: sha256:42fa08cc02a405933395316610a56e2bff58f6f7be16e9a063ec634747199bc0
    name: perl-Pod-Escapes
    evr: 1:1.07-460.el9
    sourcerpm: perl-Pod-Escapes-1.07-460.el9.src.rpm
  - url: https://cdn.redhat.com/content/dist/rhel9/9/x86_64/appstream/os/Packages/p/perl-Pod-Perldoc-3.28.01-461.el9.noarch.rpm
    repoid: rhel-9-for-x86_64-appstream-rpms
    size: 93727
    checksum: sha256:db3285dbe77ddc822d6bb847f857ea7032786cf7996b26d6c01481903b6d26e0
    name: perl-Pod-Perldoc
    evr: 3.28.01-461.el9
    sourcerpm: perl-Pod-Perldoc-3.28.01-461.el9.src.rpm
  - url: https://cdn.redhat.com/content/dist/rhel9/9/x86_64/appstream/os/Packages/p/perl-Pod-Simple-3.42-4.el9.noarch.rpm
    repoid: rhel-9-for-x86_64-appstream-rpms
    size: 234403
    checksum: sha256:2752454ce47a46227c6b7b98a5d9a25dcf3a992f27109a726744a66cd93c7b9a
    name: perl-Pod-Simple
    evr: 1:3.42-4.el9
    sourcerpm: perl-Pod-Simple-3.42-4.el9.src.rpm
  - url: https://cdn.redhat.com/content/dist/rhel9/9/x86_64/appstream/os/Packages/p/perl-Pod-Usage-2.01-4.el9.noarch.rpm
    repoid: rhel-9-for-x86_64-appstream-rpms
    size: 44477
    checksum: sha256:c170870a2d1ff32048d13497fa67c382fe5aaf3d8d21bae639356ac28003dba9
    name: perl-Pod-Usage
    evr: 4:2.01-4.el9
    sourcerpm: perl-Pod-Usage-2.01-4.el9.src.rpm
  - url: https://cdn.redhat.com/content/dist/rhel9/9/x86_64/appstream/os/Packages/p/perl-Scalar-List-Utils-1.56-462.el9.x86_64.rpm
    repoid: rhel-9-for-x86_64-appstream-rpms
    size: 77262
    checksum: sha256:7ce874bde7d9ad15abf70a3b7edbab77548eb2eb8b529c1e48b2426ee7f948f9
    name: perl-Scalar-List-Utils
    evr: 4:1.56-462.el9
    sourcerpm: perl-Scalar-List-Utils-1.56-462.el9.src.rpm
  - url: https://cdn.redhat.com/content/dist/rhel9/9/x86_64/appstream/os/Packages/p/perl-SelectSaver-1.02-481.el9.noarch.rpm
    repoid: rhel-9-for-x86_64-appstream-rpms
    size: 12017
    checksum: sha256:c4f02fdf5b501ab67b4824fc4473ba420f482254ad82e90b546d9b10a5464820
    name: perl-SelectSaver
    evr: 1.02-481.el9
    sourcerpm: perl-5.32.1-481.el9.src.rpm
  - url: https://cdn.redhat.com/content/dist/rhel9/9/x86_64/appstream/os/Packages/p/perl-Socket-2.031-4.el9.x86_64.rpm
    repoid: rhel-9-for-x86_64-appstream-rpms
    size: 59776
    checksum: sha256:762751146305f9aea53b74a21495a610e7bdde956fa3246565d265b1128b56a8
    name: perl-Socket
    evr: 4:2.031-4.el9
    sourcerpm: perl-Socket-2.031-4.el9.src.rpm
  - url: https://cdn.redhat.com/content/dist/rhel9/9/x86_64/appstream/os/Packages/p/perl-Storable-3.21-460.el9.x86_64.rpm
    repoid: rhel-9-for-x86_64-appstream-rpms
    size: 100335
    checksum: sha256:0097fdb40a1f83e56d5bf91160c07151b7cdd64f829fc0e328cdf3b43c2b4fa6
    name: perl-Storable
    evr: 1:3.21-460.el9
    sourcerpm: perl-Storable-3.21-460.el9.src.rpm
  - url: https://cdn.redhat.com/content/dist/rhel9/9/x86_64/appstream/os/Packages/p/perl-Symbol-1.08-481.el9.noarch.rpm
    repoid: rhel-9-for-x86_64-appstream-rpms
    size: 14535
    checksum: sha256:2364cd3b0a19572b16a1379c228046a405851bcd0676860a6aeb9bcb3869498f
    name: perl-Symbol
    evr: 1.08-481.el9
    sourcerpm: perl-5.32.1-481.el9.src.rpm
  - url: https://cdn.redhat.com/content/dist/rhel9/9/x86_64/appstream/os/Packages/p/perl-Term-ANSIColor-5.01-461.el9.noarch.rpm
    repoid: rhel-9-for-x86_64-appstream-rpms
    size: 52228
    checksum: sha256:996148d460395369394e9d4721e9000c5b2fa34ee800390a4a9d885b6db95b23
    name: perl-Term-ANSIColor
    evr: 5.01-461.el9
    sourcerpm: perl-Term-ANSIColor-5.01-461.el9.src.rpm
  - url: https://cdn.redhat.com/content/dist/rhel9/9/x86_64/appstream/os/Packages/p/perl-Term-Cap-1.17-460.el9.noarch.rpm
    repoid: rhel-9-for-x86_64-appstream-rpms
    size: 25043
    checksum: sha256:015a6d02b9c84bd353680d4bad61f3c8d297c53c3a43325e08e4ac4b48f97f17
    name: perl-Term-Cap
    evr: 1.17-460.el9
    sourcerpm: perl-Term-Cap-1.17-460.el9.src.rpm
  - url: https://cdn.redhat.com/content/dist/rhel9/9/x86_64/appstream/os/Packages/p/perl-Text-ParseWords-3.30-460.el9.noarch.rpm
    repoid: rhel-9-for-x86_64-appstream-rpms
    size: 18680
    checksum: sha256:4d47f3ba0ce454be5d781e968cfe15f01f393e68a47c415f35c0d88358ab4af9
    name: perl-Text-ParseWords
    evr: 3.30-460.el9
    sourcerpm: perl-Text-ParseWords-3.30-460.el9.src.rpm
  - url: https://cdn.redhat.com/content/dist/rhel9/9/x86_64/appstream/os/Packages/p/perl-Text-Tabs+Wrap-2013.0523-460.el9.noarch.rpm
    repoid: rhel-9-for-x86_64-appstream-rpms
    size: 25935
    checksum: sha256:5ad6ef70bbb4ba8d5cfd6ee0b3dda0ddc8cf0103199959499944019a66f7edcd
    name: perl-Text-Tabs+Wrap
    evr: 2013.0523-460.el9
    sourcerpm: perl-Text-Tabs+Wrap-2013.0523-460.el9.src.rpm
  - url: https://cdn.redhat.com/content/dist/rhel9/9/x86_64/appstream/os/Packages/p/perl-Time-Local-1.300-7.el9.noarch.rpm
    repoid: rhel-9-for-x86_64-appstream-rpms
    size: 37469
    checksum: sha256:e8e1e692b6e52cdb69515b2ad44b84ca71917bea5f47908cb9ae89b2bbd145a1
    name: perl-Time-Local
    evr: 2:1.300-7.el9
    sourcerpm: perl-Time-Local-1.300-7.el9.src.rpm
  - url: https://cdn.redhat.com/content/dist/rhel9/9/x86_64/appstream/os/Packages/p/perl-URI-5.09-3.el9.noarch.rpm
    repoid: rhel-9-for-x86_64-appstream-rpms
    size: 128279
    checksum: sha256:1635b7d818e4f70445f7207f13e058c63c5d1f5aa081cfd2583912ae45f8e1bd
    name: perl-URI
    evr: 5.09-3.el9
    sourcerpm: perl-URI-5.09-3.el9.src.rpm
  - url: https://cdn.redhat.com/content/dist/rhel9/9/x86_64/appstream/os/Packages/p/perl-base-2.27-481.el9.noarch.rpm
    repoid: rhel-9-for-x86_64-appstream-rpms
    size: 16674
    checksum: sha256:dab1d27f285d579c9783e80817f98a2835e7bf06842d704a7f85cfdb7ab4b0a3
    name: perl-base
    evr: 2.27-481.el9
    sourcerpm: perl-5.32.1-481.el9.src.rpm
  - url: https://cdn.redhat.com/content/dist/rhel9/9/x86_64/appstream/os/Packages/p/perl-constant-1.33-461.el9.noarch.rpm
    repoid: rhel-9-for-x86_64-appstream-rpms
    size: 25865
    checksum: sha256:8ab94e13cab4e7eee081c7618ea7738b072d8093631d97b8b1f83bff893cf892
    name: perl-constant
    evr: 1.33-461.el9
    sourcerpm: perl-constant-1.33-461.el9.src.rpm
  - url: https://cdn.redhat.com/content/dist/rhel9/9/x86_64/appstream/os/Packages/p/perl-if-0.60.800-481.el9.noarch.rpm
    repoid: rhel-9-for-x86_64-appstream-rpms
    size: 14343
    checksum: sha256:714022b8937ed9c6d4638b99aef0a8426b782e7948019b50b06d9cd2e32e454a
    name: perl-if
    evr: 0.60.800-481.el9
    sourcerpm: perl-5.32.1-481.el9.src.rpm
  - url: https://cdn.redhat.com/content/dist/rhel9/9/x86_64/appstream/os/Packages/p/perl-interpreter-5.32.1-481.el9.x86_64.rpm
    repoid: rhel-9-for-x86_64-appstream-rpms
    size: 74840
    checksum: sha256:359a94a09f0082a637c5bc2aa4ddac23dd79e929daa38dfed85d0e1afff31fba
    name: perl-interpreter
    evr: 4:5.32.1-481.el9
    sourcerpm: perl-5.32.1-481.el9.src.rpm
  - url: https://cdn.redhat.com/content/dist/rhel9/9/x86_64/appstream/os/Packages/p/perl-libnet-3.13-4.el9.noarch.rpm
    repoid: rhel-9-for-x86_64-appstream-rpms
    size: 137289
    checksum: sha256:79156f91a2ee21fb96f10e331047c55ff913e36f9a13ff89d0a479f0fc4dcb98
    name: perl-libnet
    evr: 3.13-4.el9
    sourcerpm: perl-libnet-3.13-4.el9.src.rpm
  - url: https://cdn.redhat.com/content/dist/rhel9/9/x86_64/appstream/os/Packages/p/perl-libs-5.32.1-481.el9.x86_64.rpm
    repoid: rhel-9-for-x86_64-appstream-rpms
    size: 2303445
    checksum: sha256:d20aebf4d96f4ad0e7dc97b63bbe41baa6f927a34eac9068a22f1d62e71611dc
    name: perl-libs
    evr: 4:5.32.1-481.el9
    sourcerpm: perl-5.32.1-481.el9.src.rpm
  - url: https://cdn.redhat.com/content/dist/rhel9/9/x86_64/appstream/os/Packages/p/perl-mro-1.23-481.el9.x86_64.rpm
    repoid: rhel-9-for-x86_64-appstream-rpms
    size: 30125
    checksum: sha256:3cf76960b8c866deebf333a9dfd64a7dd9f4689cb82e37d0c0ddab2c031b3651
    name: perl-mro
    evr: 1.23-481.el9
    sourcerpm: perl-5.32.1-481.el9.src.rpm
  - url: https://cdn.redhat.com/content/dist/rhel9/9/x86_64/appstream/os/Packages/p/perl-overload-1.31-481.el9.noarch.rpm
    repoid: rhel-9-for-x86_64-appstream-rpms
    size: 46643
    checksum: sha256:813598b9d9a3ada4975144cf0dd0f25906589a92c7708556dcbf464501d72848
    name: perl-overload
    evr: 1.31-481.el9
    sourcerpm: perl-5.32.1-481.el9.src.rpm
  - url: https://cdn.redhat.com/content/dist/rhel9/9/x86_64/appstream/os/Packages/p/perl-overloading-0.02-481.el9.noarch.rpm
    repoid: rhel-9-for-x86_64-appstream-rpms
    size: 13658
    checksum: sha256:feca093162af099f769448e95170a357f2d2bd66da36299d1a999782d57da51d
    name: perl-overloading
    evr: 0.02-481.el9
    sourcerpm: perl-5.32.1-481.el9.src.rpm
  - url: https://cdn.redhat.com/content/dist/rhel9/9/x86_64/appstream/os/Packages/p/perl-parent-0.238-460.el9.noarch.rpm
    repoid: rhel-9-for-x86_64-appstream-rpms
    size: 16286
    checksum: sha256:a9b2ccc25a5ed5cc024935ef573772e203ed363f67dd5acc0d2ad5907498c463
    name: perl-parent
    evr: 1:0.238-460.el9
    sourcerpm: perl-parent-0.238-460.el9.src.rpm
  - url: https://cdn.redhat.com/content/dist/rhel9/9/x86_64/appstream/os/Packages/p/perl-podlators-4.14-460.el9.noarch.rpm
    repoid: rhel-9-for-x86_64-appstream-rpms
    size: 121317
    checksum: sha256:0401f715522a14b53956bccb60954025ad18a73802f7144ab0160d8504951a98
    name: perl-podlators
    evr: 1:4.14-460.el9
    sourcerpm: perl-podlators-4.14-460.el9.src.rpm
  - url: https://cdn.redhat.com/content/dist/rhel9/9/x86_64/appstream/os/Packages/p/perl-subs-1.03-481.el9.noarch.rpm
    repoid: rhel-9-for-x86_64-appstream-rpms
    size: 11986
    checksum: sha256:df6327eb3774c2254fc45c630cedf3b32b3bdd7f146bf25ffe0342f9904dac43
    name: perl-subs
    evr: 1.03-481.el9
    sourcerpm: perl-5.32.1-481.el9.src.rpm
  - url: https://cdn.redhat.com/content/dist/rhel9/9/x86_64/appstream/os/Packages/p/perl-vars-1.05-481.el9.noarch.rpm
    repoid: rhel-9-for-x86_64-appstream-rpms
    size: 13347
    checksum: sha256:c54caddd2a5adaf84088833a9eb126e772b6db090800c3293b819f432ddd6b6c
    name: perl-vars
    evr: 1.05-481.el9
    sourcerpm: perl-5.32.1-481.el9.src.rpm
  - url: https://cdn.redhat.com/content/dist/rhel9/9/x86_64/appstream/os/Packages/p/python3-bcc-0.30.0-7.el9_5.noarch.rpm
    repoid: rhel-9-for-x86_64-appstream-rpms
    size: 106305
    checksum: sha256:8e80872784b7a45d82905ea72b7d2ab167f08fe5f12f70152a56ce5e21e0db5f
    name: python3-bcc
    evr: 0.30.0-7.el9_5
    sourcerpm: bcc-0.30.0-7.el9_5.src.rpm
  - url: https://cdn.redhat.com/content/dist/rhel9/9/x86_64/appstream/os/Packages/p/python3-netaddr-0.8.0-5.el9.noarch.rpm
    repoid: rhel-9-for-x86_64-appstream-rpms
    size: 1633241
    checksum: sha256:490b09cbcfad309490ca20974df5052f719ab8f864a3a9efdc395230e6c5326e
    name: python3-netaddr
    evr: 0.8.0-5.el9
    sourcerpm: python-netaddr-0.8.0-5.el9.src.rpm
  - url: https://cdn.redhat.com/content/dist/rhel9/9/x86_64/appstream/os/Packages/p/python3-pyelftools-0.27-4.el9.noarch.rpm
    repoid: rhel-9-for-x86_64-appstream-rpms
    size: 283241
    checksum: sha256:26f9c834a5315d3b48dd1c99f10ed3df968f0a05cadcad028f38418aaf2d736b
    name: python3-pyelftools
    evr: 0.27-4.el9
    sourcerpm: pyelftools-0.27-4.el9.src.rpm
  - url: https://cdn.redhat.com/content/dist/rhel9/9/x86_64/appstream/os/Packages/s/scl-utils-2.0.3-4.el9.x86_64.rpm
    repoid: rhel-9-for-x86_64-appstream-rpms
    size: 42223
    checksum: sha256:164d245bec95c7dcbba881fd88ee567bc6d5859329c91ae05a6ad5429700bdbc
    name: scl-utils
    evr: 1:2.0.3-4.el9
    sourcerpm: scl-utils-2.0.3-4.el9.src.rpm
  - url: https://cdn.redhat.com/content/dist/rhel9/9/x86_64/appstream/os/Packages/z/zlib-devel-1.2.11-40.el9.x86_64.rpm
    repoid: rhel-9-for-x86_64-appstream-rpms
    size: 48017
    checksum: sha256:9775022716a2b6dd51d151a40aa4a6bcb466edeb01b747f48072703e509be097
    name: zlib-devel
    evr: 1.2.11-40.el9
    sourcerpm: zlib-1.2.11-40.el9.src.rpm
  - url: https://cdn.redhat.com/content/dist/rhel9/9/x86_64/baseos/os/Packages/b/binutils-2.35.2-54.el9.x86_64.rpm
    repoid: rhel-9-for-x86_64-baseos-rpms
    size: 4816328
    checksum: sha256:58286130e67839b931412baa9cb1efcb42d02dc3d1b84caed2ba711773c47ec9
    name: binutils
    evr: 2.35.2-54.el9
    sourcerpm: binutils-2.35.2-54.el9.src.rpm
  - url: https://cdn.redhat.com/content/dist/rhel9/9/x86_64/baseos/os/Packages/b/binutils-gold-2.35.2-54.el9.x86_64.rpm
    repoid: rhel-9-for-x86_64-baseos-rpms
    size: 752302
    checksum: sha256:44ace5e347a8aaad0ae8a449c5d87f69314def94b45bbd1a22a6bd827b549d95
    name: binutils-gold
    evr: 2.35.2-54.el9
    sourcerpm: binutils-2.35.2-54.el9.src.rpm
  - url: https://cdn.redhat.com/content/dist/rhel9/9/x86_64/baseos/os/Packages/e/elfutils-debuginfod-client-0.190-2.el9.x86_64.rpm
    repoid: rhel-9-for-x86_64-baseos-rpms
    size: 39619
    checksum: sha256:8318e4801d9a4e5cb9c0b647b8b3c1d969627d8f8ced0d5220bdddf668583e63
    name: elfutils-debuginfod-client
    evr: 0.190-2.el9
    sourcerpm: elfutils-0.190-2.el9.src.rpm
  - url: https://cdn.redhat.com/content/dist/rhel9/9/x86_64/baseos/os/Packages/e/environment-modules-5.3.0-1.el9.x86_64.rpm
    repoid: rhel-9-for-x86_64-baseos-rpms
    size: 605644
    checksum: sha256:0bf2c48686d2c9f4d0f4d2cbe80a64f7d3c26559dd3cf6ca798a6615407a58ae
    name: environment-modules
    evr: 5.3.0-1.el9
    sourcerpm: environment-modules-5.3.0-1.el9.src.rpm
  - url: https://cdn.redhat.com/content/dist/rhel9/9/x86_64/baseos/os/Packages/g/groff-base-1.22.4-10.el9.x86_64.rpm
    repoid: rhel-9-for-x86_64-baseos-rpms
    size: 1133828
    checksum: sha256:4d8ff13569b3b231b3fb847e9e22615c6e08215d1f2c0c78eac2e345b9efd394
    name: groff-base
    evr: 1.22.4-10.el9
    sourcerpm: groff-1.22.4-10.el9.src.rpm
  - url: https://cdn.redhat.com/content/dist/rhel9/9/x86_64/baseos/os/Packages/l/less-590-5.el9.x86_64.rpm
    repoid: rhel-9-for-x86_64-baseos-rpms
    size: 170758
    checksum: sha256:a726061c966a134a5e5b42b60e4162ee85a2cef8843b6fd28e08264ceebb54f4
    name: less
    evr: 590-5.el9
    sourcerpm: less-590-5.el9.src.rpm
  - url: https://cdn.redhat.com/content/dist/rhel9/9/x86_64/baseos/os/Packages/l/libatomic-11.5.0-5.el9_5.x86_64.rpm
    repoid: rhel-9-for-x86_64-baseos-rpms
    size: 28095
    checksum: sha256:f319f76d1b4f3c82cc2cf8eee5b3c170a1d6f5c1c72d7790141307159572578a
    name: libatomic
    evr: 11.5.0-5.el9_5
    sourcerpm: gcc-11.5.0-5.el9_5.src.rpm
  - url: https://cdn.redhat.com/content/dist/rhel9/9/x86_64/baseos/os/Packages/l/libbpf-1.4.0-1.el9.x86_64.rpm
    repoid: rhel-9-for-x86_64-baseos-rpms
    size: 183335
    checksum: sha256:729054a1c8b0ccc35d2e2156ebf37d5431842c25135bb7267d2486eefcd36654
    name: libbpf
    evr: 2:1.4.0-1.el9
    sourcerpm: libbpf-1.4.0-1.el9.src.rpm
  - url: https://cdn.redhat.com/content/dist/rhel9/9/x86_64/baseos/os/Packages/l/libpipeline-1.5.3-4.el9.x86_64.rpm
    repoid: rhel-9-for-x86_64-baseos-rpms
    size: 52912
    checksum: sha256:c972030a8fbaa2d981f0e5fdfc42d6d5173dd047c94d86ab7732e3e53fc4e97a
    name: libpipeline
    evr: 1.5.3-4.el9
    sourcerpm: libpipeline-1.5.3-4.el9.src.rpm
  - url: https://cdn.redhat.com/content/dist/rhel9/9/x86_64/baseos/os/Packages/m/make-4.3-8.el9.x86_64.rpm
    repoid: rhel-9-for-x86_64-baseos-rpms
    size: 553896
    checksum: sha256:561f0c2251e9217c81a6c88de4d2d9231a039aaab37e8a0d2559d36ce9fa85fd
    name: make
    evr: 1:4.3-8.el9
    sourcerpm: make-4.3-8.el9.src.rpm
  - url: https://cdn.redhat.com/content/dist/rhel9/9/x86_64/baseos/os/Packages/m/man-db-2.9.3-7.el9.x86_64.rpm
    repoid: rhel-9-for-x86_64-baseos-rpms
    size: 1245006
    checksum: sha256:1eb7770a27102f59012f704e90aa04b130ab4f46fec983a7441ec9e8810f2da4
    name: man-db
    evr: 2.9.3-7.el9
    sourcerpm: man-db-2.9.3-7.el9.src.rpm
  - url: https://cdn.redhat.com/content/dist/rhel9/9/x86_64/baseos/os/Packages/n/ncurses-6.2-10.20210508.el9.x86_64.rpm
    repoid: rhel-9-for-x86_64-baseos-rpms
    size: 420158
    checksum: sha256:1b5e5805334bc78c977d7acf02256021a9216e26348a5383cf86dfb0b0c91101
    name: ncurses
    evr: 6.2-10.20210508.el9
    sourcerpm: ncurses-6.2-10.20210508.el9.src.rpm
  - url: https://cdn.redhat.com/content/dist/rhel9/9/x86_64/baseos/os/Packages/t/tar-1.34-7.el9.x86_64.rpm
    repoid: rhel-9-for-x86_64-baseos-rpms
    size: 910235
    checksum: sha256:17f2e592a2c04c050b690afeb9042e02521a0b5ee3288dad837463f4acf542c3
    name: tar
    evr: 2:1.34-7.el9
    sourcerpm: tar-1.34-7.el9.src.rpm
  - url: https://cdn.redhat.com/content/dist/rhel9/9/x86_64/baseos/os/Packages/t/tcl-8.6.10-7.el9.x86_64.rpm
    repoid: rhel-9-for-x86_64-baseos-rpms
    size: 1152092
    checksum: sha256:2062dce4bed26d3684de4dad68f32307ebacf5c7d50d3aa7bf6470e66fb36df5
    name: tcl
    evr: 1:8.6.10-7.el9
    sourcerpm: tcl-8.6.10-7.el9.src.rpm
  - url: https://cdn.redhat.com/content/dist/rhel9/9/x86_64/baseos/os/Packages/v/vim-filesystem-8.2.2637-21.el9.noarch.rpm
    repoid: rhel-9-for-x86_64-baseos-rpms
    size: 17783
    checksum: sha256:a9fce2685b6dfe72b19ca93b274ff1ce709d14e6a8eb48eec5cd4a0d8205015b
    name: vim-filesystem
    evr: 2:8.2.2637-21.el9
    sourcerpm: vim-8.2.2637-21.el9.src.rpm
  - url: https://cdn.redhat.com/content/dist/rhel9/9/x86_64/codeready-builder/os/Packages/b/bcc-doc-0.29.0-7.el9_5.noarch.rpm
    repoid: codeready-builder-for-rhel-9-x86_64-rpms
    size: 333665
    checksum: sha256:a9fce2685b6dfe72b19ca93b274ff1ce709d14e6a8eb48eec5cd4a0d8205015b
    name: bcc-doc
    evr: 0.29.0-7.el9_5
    sourcerpm: bcc-0.29.0-7.el9_5.src.rpm
  source: []
  module_metadata: []